
Microsoft Visual Studio Solution File, Format Version 12.00
# Visual Studio Version 16
VisualStudioVersion = 16.0.29709.97
MinimumVisualStudioVersion = 10.0.40219.1
Project("{FAE04EC0-301F-11D3-BF4B-00C04F79EFBC}") = "ConsoleApp2", "ConsoleApp2\ConsoleApp2.csproj", "{6B6867AB-0F66-4EB3-94A7-46FFCF57BE58}"
EndProject
Global
	GlobalSection(SolutionConfigurationPlatforms) = preSolution
		Debug|Any CPU = Debug|Any CPU
		Release|Any CPU = Release|Any CPU
	EndGlobalSection
	GlobalSection(ProjectConfigurationPlatforms) = postSolution
		{6B6867AB-0F66-4EB3-94A7-46FFCF57BE58}.Debug|Any CPU.ActiveCfg = Debug|Any CPU
		{6B6867AB-0F66-4EB3-94A7-46FFCF57BE58}.Debug|Any CPU.Build.0 = Debug|Any CPU
		{6B6867AB-0F66-4EB3-94A7-46FFCF57BE58}.Release|Any CPU.ActiveCfg = Release|Any CPU
		{6B6867AB-0F66-4EB3-94A7-46FFCF57BE58}.Release|Any CPU.Build.0 = Release|Any CPU
	EndGlobalSection
	GlobalSection(SolutionProperties) = preSolution
		HideSolutionNode = FALSE
	EndGlobalSection
	GlobalSection(ExtensibilityGlobals) = postSolution
		SolutionGuid = {BB4876A1-2F35-48BC-9F27-6D2FDBE1AF55}
	EndGlobalSection
EndGlobal
