
Microsoft Visual Studio Solution File, Format Version 12.00
# Visual Studio Version 16
VisualStudioVersion = 16.0.29709.97
MinimumVisualStudioVersion = 10.0.40219.1
Project("{FAE04EC0-301F-11D3-BF4B-00C04F79EFBC}") = "ConsoleApp4", "ConsoleApp4\ConsoleApp4.csproj", "{F2445EAB-2907-4D8C-8635-45AD88BAB6B2}"
EndProject
Global
	GlobalSection(SolutionConfigurationPlatforms) = preSolution
		Debug|Any CPU = Debug|Any CPU
		Release|Any CPU = Release|Any CPU
	EndGlobalSection
	GlobalSection(ProjectConfigurationPlatforms) = postSolution
		{F2445EAB-2907-4D8C-8635-45AD88BAB6B2}.Debug|Any CPU.ActiveCfg = Debug|Any CPU
		{F2445EAB-2907-4D8C-8635-45AD88BAB6B2}.Debug|Any CPU.Build.0 = Debug|Any CPU
		{F2445EAB-2907-4D8C-8635-45AD88BAB6B2}.Release|Any CPU.ActiveCfg = Release|Any CPU
		{F2445EAB-2907-4D8C-8635-45AD88BAB6B2}.Release|Any CPU.Build.0 = Release|Any CPU
	EndGlobalSection
	GlobalSection(SolutionProperties) = preSolution
		HideSolutionNode = FALSE
	EndGlobalSection
	GlobalSection(ExtensibilityGlobals) = postSolution
		SolutionGuid = {B66C6592-4716-48C3-9FB2-16A200894604}
	EndGlobalSection
EndGlobal
